
Microsoft Visual Studio Solution File, Format Version 12.00
# Visual Studio 15
VisualStudioVersion = 15.0.27703.2026
MinimumVisualStudioVersion = 10.0.40219.1
Project("{9A19103F-16F7-4668-BE54-9A1E7A4F7556}") = "MiDNico2API.Core", "MiDNico2API.Core\MiDNico2API.Core.csproj", "{F63367D9-767D-4894-BF4E-8BFEB12F2DC1}"
EndProject
Project("{FAE04EC0-301F-11D3-BF4B-00C04F79EFBC}") = "SampleApp", "SampleApp\SampleApp.csproj", "{A93CC160-B154-4FF4-8BAC-2A2EC1915EC7}"
EndProject
Global
	GlobalSection(SolutionConfigurationPlatforms) = preSolution
		Debug|Any CPU = Debug|Any CPU
		Release|Any CPU = Release|Any CPU
	EndGlobalSection
	GlobalSection(ProjectConfigurationPlatforms) = postSolution
		{F63367D9-767D-4894-BF4E-8BFEB12F2DC1}.Debug|Any CPU.ActiveCfg = Debug|Any CPU
		{F63367D9-767D-4894-BF4E-8BFEB12F2DC1}.Debug|Any CPU.Build.0 = Debug|Any CPU
		{F63367D9-767D-4894-BF4E-8BFEB12F2DC1}.Release|Any CPU.ActiveCfg = Release|Any CPU
		{F63367D9-767D-4894-BF4E-8BFEB12F2DC1}.Release|Any CPU.Build.0 = Release|Any CPU
		{A93CC160-B154-4FF4-8BAC-2A2EC1915EC7}.Debug|Any CPU.ActiveCfg = Debug|Any CPU
		{A93CC160-B154-4FF4-8BAC-2A2EC1915EC7}.Debug|Any CPU.Build.0 = Debug|Any CPU
		{A93CC160-B154-4FF4-8BAC-2A2EC1915EC7}.Release|Any CPU.ActiveCfg = Release|Any CPU
		{A93CC160-B154-4FF4-8BAC-2A2EC1915EC7}.Release|Any CPU.Build.0 = Release|Any CPU
	EndGlobalSection
	GlobalSection(SolutionProperties) = preSolution
		HideSolutionNode = FALSE
	EndGlobalSection
	GlobalSection(ExtensibilityGlobals) = postSolution
		SolutionGuid = {5FE1B8EA-A6AC-4696-83E5-DBB500609CDF}
	EndGlobalSection
EndGlobal
